// !$*UTF8*$!
{
	archiveVersion = 1;
	classes = {
	};
	objectVersion = 56;
	objects = {

/* Begin PBXBuildFile section */
		B11599962AB5A2C70068435E /* HttpClient.swift in Sources */ = {isa = PBXBuildFile; fileRef = B11599952AB5A2C70068435E /* HttpClient.swift */; };
		B11599982AB5A2E10068435E /* HttpRequest.swift in Sources */ = {isa = PBXBuildFile; fileRef = B11599972AB5A2E10068435E /* HttpRequest.swift */; };
		B115999A2AB5A5B50068435E /* HttpMethod.swift in Sources */ = {isa = PBXBuildFile; fileRef = B11599992AB5A5B50068435E /* HttpMethod.swift */; };
		B115999C2AB5A5E30068435E /* HttpRequestBody.swift in Sources */ = {isa = PBXBuildFile; fileRef = B115999B2AB5A5E30068435E /* HttpRequestBody.swift */; };
		B115999E2AB5AB200068435E /* HttpError.swift in Sources */ = {isa = PBXBuildFile; fileRef = B115999D2AB5AB200068435E /* HttpError.swift */; };
		B11599A12AB5ACD70068435E /* Constants.swift in Sources */ = {isa = PBXBuildFile; fileRef = B11599A02AB5ACD70068435E /* Constants.swift */; };
		B11599A52AB5B6920068435E /* GenericHttpRequest.swift in Sources */ = {isa = PBXBuildFile; fileRef = B11599A42AB5B6920068435E /* GenericHttpRequest.swift */; };
		B11599A72AB5B6F60068435E /* GenericHttpClient.swift in Sources */ = {isa = PBXBuildFile; fileRef = B11599A62AB5B6F60068435E /* GenericHttpClient.swift */; };
		B17974D82AB5BAB600F7B6C8 /* WeatherPresenter.swift in Sources */ = {isa = PBXBuildFile; fileRef = B17974D32AB5BAB600F7B6C8 /* WeatherPresenter.swift */; };
		B17974D92AB5BAB600F7B6C8 /* WeatherRouter.swift in Sources */ = {isa = PBXBuildFile; fileRef = B17974D42AB5BAB600F7B6C8 /* WeatherRouter.swift */; };
		B17974DA2AB5BAB600F7B6C8 /* WeatherViewController.swift in Sources */ = {isa = PBXBuildFile; fileRef = B17974D52AB5BAB600F7B6C8 /* WeatherViewController.swift */; };
		B17974DB2AB5BAB600F7B6C8 /* WeatherBuilder.swift in Sources */ = {isa = PBXBuildFile; fileRef = B17974D62AB5BAB600F7B6C8 /* WeatherBuilder.swift */; };
		B17974DC2AB5BAB600F7B6C8 /* WeatherInteractor.swift in Sources */ = {isa = PBXBuildFile; fileRef = B17974D72AB5BAB600F7B6C8 /* WeatherInteractor.swift */; };
		B17974E32AB5BDCD00F7B6C8 /* Location.swift in Sources */ = {isa = PBXBuildFile; fileRef = B17974E22AB5BDCD00F7B6C8 /* Location.swift */; };
		B17974E72AB5BF6000F7B6C8 /* Units.swift in Sources */ = {isa = PBXBuildFile; fileRef = B17974E62AB5BF6000F7B6C8 /* Units.swift */; };
		B17974EA2AB5C54C00F7B6C8 /* WeatherResponse.swift in Sources */ = {isa = PBXBuildFile; fileRef = B17974E92AB5C54C00F7B6C8 /* WeatherResponse.swift */; };
		B17974F12AB5C92800F7B6C8 /* URLQueryConvertible.swift in Sources */ = {isa = PBXBuildFile; fileRef = B17974F02AB5C92800F7B6C8 /* URLQueryConvertible.swift */; };
		B17974F42AB5CE5900F7B6C8 /* LocationManager.swift in Sources */ = {isa = PBXBuildFile; fileRef = B17974F32AB5CE5900F7B6C8 /* LocationManager.swift */; };
		B17974F62AB5D67800F7B6C8 /* Logger.swift in Sources */ = {isa = PBXBuildFile; fileRef = B17974F52AB5D67800F7B6C8 /* Logger.swift */; };
		B17974F82AB5DCB200F7B6C8 /* AppRouter.swift in Sources */ = {isa = PBXBuildFile; fileRef = B17974F72AB5DCB200F7B6C8 /* AppRouter.swift */; };
		B17974FB2AB5E7E500F7B6C8 /* URLRequest+cURL.swift in Sources */ = {isa = PBXBuildFile; fileRef = B17974FA2AB5E7E500F7B6C8 /* URLRequest+cURL.swift */; };
		B17974FD2AB5F3C100F7B6C8 /* WeatherInformation.swift in Sources */ = {isa = PBXBuildFile; fileRef = B17974FC2AB5F3C100F7B6C8 /* WeatherInformation.swift */; };
		B17974FF2AB602BE00F7B6C8 /* Colors.swift in Sources */ = {isa = PBXBuildFile; fileRef = B17974FE2AB602BE00F7B6C8 /* Colors.swift */; };
		B17975022AB61AA600F7B6C8 /* WeatherPrimaryInfoCell.swift in Sources */ = {isa = PBXBuildFile; fileRef = B17975012AB61AA600F7B6C8 /* WeatherPrimaryInfoCell.swift */; };
		B17975042AB61D4D00F7B6C8 /* UIView+Additions.swift in Sources */ = {isa = PBXBuildFile; fileRef = B17975032AB61D4D00F7B6C8 /* UIView+Additions.swift */; };
		B17975092AB61F6200F7B6C8 /* WeatherPrimaryInfoPresenter.swift in Sources */ = {isa = PBXBuildFile; fileRef = B17975082AB61F6200F7B6C8 /* WeatherPrimaryInfoPresenter.swift */; };
		B179750D2AB628CA00F7B6C8 /* RemoteModel.swift in Sources */ = {isa = PBXBuildFile; fileRef = B179750C2AB628CA00F7B6C8 /* RemoteModel.swift */; };
		B17975152AB633B900F7B6C8 /* ReusableView.swift in Sources */ = {isa = PBXBuildFile; fileRef = B17975142AB633B900F7B6C8 /* ReusableView.swift */; };
		B179751E2AB6435600F7B6C8 /* Assets.swift in Sources */ = {isa = PBXBuildFile; fileRef = B179751D2AB6435600F7B6C8 /* Assets.swift */; };
		B17975202AB6480700F7B6C8 /* WeatherType.swift in Sources */ = {isa = PBXBuildFile; fileRef = B179751F2AB6480700F7B6C8 /* WeatherType.swift */; };
		B17975222AB64EC500F7B6C8 /* WeatherAdditionalInfoPresenter.swift in Sources */ = {isa = PBXBuildFile; fileRef = B17975212AB64EC500F7B6C8 /* WeatherAdditionalInfoPresenter.swift */; };
		B17975242AB6540200F7B6C8 /* Formatters.swift in Sources */ = {isa = PBXBuildFile; fileRef = B17975232AB6540200F7B6C8 /* Formatters.swift */; };
		B17975262AB65AB700F7B6C8 /* WeatherInfoCellPresenter.swift in Sources */ = {isa = PBXBuildFile; fileRef = B17975252AB65AB700F7B6C8 /* WeatherInfoCellPresenter.swift */; };
		B17975282AB65B1100F7B6C8 /* WeatherAdditionalInfoCell.swift in Sources */ = {isa = PBXBuildFile; fileRef = B17975272AB65B1100F7B6C8 /* WeatherAdditionalInfoCell.swift */; };
		B179752F2AB670C400F7B6C8 /* SearchPresenter.swift in Sources */ = {isa = PBXBuildFile; fileRef = B179752A2AB670C400F7B6C8 /* SearchPresenter.swift */; };
		B17975302AB670C400F7B6C8 /* SearchRouter.swift in Sources */ = {isa = PBXBuildFile; fileRef = B179752B2AB670C400F7B6C8 /* SearchRouter.swift */; };
		B17975312AB670C400F7B6C8 /* SearchViewController.swift in Sources */ = {isa = PBXBuildFile; fileRef = B179752C2AB670C400F7B6C8 /* SearchViewController.swift */; };
		B17975322AB670C400F7B6C8 /* SearchBuilder.swift in Sources */ = {isa = PBXBuildFile; fileRef = B179752D2AB670C400F7B6C8 /* SearchBuilder.swift */; };
		B17975332AB670C400F7B6C8 /* SearchInteractor.swift in Sources */ = {isa = PBXBuildFile; fileRef = B179752E2AB670C400F7B6C8 /* SearchInteractor.swift */; };
		B17975352AB679F300F7B6C8 /* SearchResult.swift in Sources */ = {isa = PBXBuildFile; fileRef = B17975342AB679F300F7B6C8 /* SearchResult.swift */; };
		B17975382AB67C7D00F7B6C8 /* SearchResultCell.swift in Sources */ = {isa = PBXBuildFile; fileRef = B17975372AB67C7D00F7B6C8 /* SearchResultCell.swift */; };
		B179753A2AB6821B00F7B6C8 /* DebounceWorker.swift in Sources */ = {isa = PBXBuildFile; fileRef = B17975392AB6821B00F7B6C8 /* DebounceWorker.swift */; };
		B179753E2AB6B93500F7B6C8 /* Preferences.swift in Sources */ = {isa = PBXBuildFile; fileRef = B179753D2AB6B93500F7B6C8 /* Preferences.swift */; };
		B17975402AB6BDA600F7B6C8 /* WeatherErrorView.swift in Sources */ = {isa = PBXBuildFile; fileRef = B179753F2AB6BDA600F7B6C8 /* WeatherErrorView.swift */; };
		B18584572AB4AEF300FBFD3C /* AppDelegate.swift in Sources */ = {isa = PBXBuildFile; fileRef = B18584562AB4AEF300FBFD3C /* AppDelegate.swift */; };
		B18584592AB4AEF300FBFD3C /* SceneDelegate.swift in Sources */ = {isa = PBXBuildFile; fileRef = B18584582AB4AEF300FBFD3C /* SceneDelegate.swift */; };
		B18584602AB4AEF400FBFD3C /* Assets.xcassets in Resources */ = {isa = PBXBuildFile; fileRef = B185845F2AB4AEF400FBFD3C /* Assets.xcassets */; };
		B18584632AB4AEF400FBFD3C /* LaunchScreen.storyboard in Resources */ = {isa = PBXBuildFile; fileRef = B18584612AB4AEF400FBFD3C /* LaunchScreen.storyboard */; };
		B185846E2AB4AEF400FBFD3C /* ZephyrTests.swift in Sources */ = {isa = PBXBuildFile; fileRef = B185846D2AB4AEF400FBFD3C /* ZephyrTests.swift */; };
		B18584782AB4AEF400FBFD3C /* ZephyrUITests.swift in Sources */ = {isa = PBXBuildFile; fileRef = B18584772AB4AEF400FBFD3C /* ZephyrUITests.swift */; };
		B185847A2AB4AEF400FBFD3C /* ZephyrUITestsLaunchTests.swift in Sources */ = {isa = PBXBuildFile; fileRef = B18584792AB4AEF400FBFD3C /* ZephyrUITestsLaunchTests.swift */; };
/* End PBXBuildFile section */

/* Begin PBXContainerItemProxy section */
		B185846A2AB4AEF400FBFD3C /* PBXContainerItemProxy */ = {
			isa = PBXContainerItemProxy;
			containerPortal = B185844B2AB4AEF300FBFD3C /* Project object */;
			proxyType = 1;
			remoteGlobalIDString = B18584522AB4AEF300FBFD3C;
			remoteInfo = Zephyr;
		};
		B18584742AB4AEF400FBFD3C /* PBXContainerItemProxy */ = {
			isa = PBXContainerItemProxy;
			containerPortal = B185844B2AB4AEF300FBFD3C /* Project object */;
			proxyType = 1;
			remoteGlobalIDString = B18584522AB4AEF300FBFD3C;
			remoteInfo = Zephyr;
		};
/* End PBXContainerItemProxy section */

/* Begin PBXFileReference section */
		B11599952AB5A2C70068435E /* HttpClient.swift */ = {isa = PBXFileReference; lastKnownFileType = sourcecode.swift; path = HttpClient.swift; sourceTree = "<group>"; };
		B11599972AB5A2E10068435E /* HttpRequest.swift */ = {isa = PBXFileReference; lastKnownFileType = sourcecode.swift; path = HttpRequest.swift; sourceTree = "<group>"; };
		B11599992AB5A5B50068435E /* HttpMethod.swift */ = {isa = PBXFileReference; lastKnownFileType = sourcecode.swift; path = HttpMethod.swift; sourceTree = "<group>"; };
		B115999B2AB5A5E30068435E /* HttpRequestBody.swift */ = {isa = PBXFileReference; lastKnownFileType = sourcecode.swift; path = HttpRequestBody.swift; sourceTree = "<group>"; };
		B115999D2AB5AB200068435E /* HttpError.swift */ = {isa = PBXFileReference; lastKnownFileType = sourcecode.swift; path = HttpError.swift; sourceTree = "<group>"; };
		B11599A02AB5ACD70068435E /* Constants.swift */ = {isa = PBXFileReference; lastKnownFileType = sourcecode.swift; path = Constants.swift; sourceTree = "<group>"; };
		B11599A42AB5B6920068435E /* GenericHttpRequest.swift */ = {isa = PBXFileReference; lastKnownFileType = sourcecode.swift; path = GenericHttpRequest.swift; sourceTree = "<group>"; };
		B11599A62AB5B6F60068435E /* GenericHttpClient.swift */ = {isa = PBXFileReference; lastKnownFileType = sourcecode.swift; path = GenericHttpClient.swift; sourceTree = "<group>"; };
		B17974D32AB5BAB600F7B6C8 /* WeatherPresenter.swift */ = {isa = PBXFileReference; lastKnownFileType = sourcecode.swift; path = WeatherPresenter.swift; sourceTree = "<group>"; };
		B17974D42AB5BAB600F7B6C8 /* WeatherRouter.swift */ = {isa = PBXFileReference; lastKnownFileType = sourcecode.swift; path = WeatherRouter.swift; sourceTree = "<group>"; };
		B17974D52AB5BAB600F7B6C8 /* WeatherViewController.swift */ = {isa = PBXFileReference; lastKnownFileType = sourcecode.swift; path = WeatherViewController.swift; sourceTree = "<group>"; };
		B17974D62AB5BAB600F7B6C8 /* WeatherBuilder.swift */ = {isa = PBXFileReference; lastKnownFileType = sourcecode.swift; path = WeatherBuilder.swift; sourceTree = "<group>"; };
		B17974D72AB5BAB600F7B6C8 /* WeatherInteractor.swift */ = {isa = PBXFileReference; lastKnownFileType = sourcecode.swift; path = WeatherInteractor.swift; sourceTree = "<group>"; };
		B17974E22AB5BDCD00F7B6C8 /* Location.swift */ = {isa = PBXFileReference; lastKnownFileType = sourcecode.swift; path = Location.swift; sourceTree = "<group>"; };
		B17974E62AB5BF6000F7B6C8 /* Units.swift */ = {isa = PBXFileReference; lastKnownFileType = sourcecode.swift; path = Units.swift; sourceTree = "<group>"; };
		B17974E92AB5C54C00F7B6C8 /* WeatherResponse.swift */ = {isa = PBXFileReference; lastKnownFileType = sourcecode.swift; path = WeatherResponse.swift; sourceTree = "<group>"; };
		B17974F02AB5C92800F7B6C8 /* URLQueryConvertible.swift */ = {isa = PBXFileReference; lastKnownFileType = sourcecode.swift; path = URLQueryConvertible.swift; sourceTree = "<group>"; };
		B17974F32AB5CE5900F7B6C8 /* LocationManager.swift */ = {isa = PBXFileReference; lastKnownFileType = sourcecode.swift; path = LocationManager.swift; sourceTree = "<group>"; };
		B17974F52AB5D67800F7B6C8 /* Logger.swift */ = {isa = PBXFileReference; lastKnownFileType = sourcecode.swift; path = Logger.swift; sourceTree = "<group>"; };
		B17974F72AB5DCB200F7B6C8 /* AppRouter.swift */ = {isa = PBXFileReference; lastKnownFileType = sourcecode.swift; path = AppRouter.swift; sourceTree = "<group>"; };
		B17974FA2AB5E7E500F7B6C8 /* URLRequest+cURL.swift */ = {isa = PBXFileReference; lastKnownFileType = sourcecode.swift; path = "URLRequest+cURL.swift"; sourceTree = "<group>"; };
		B17974FC2AB5F3C100F7B6C8 /* WeatherInformation.swift */ = {isa = PBXFileReference; lastKnownFileType = sourcecode.swift; path = WeatherInformation.swift; sourceTree = "<group>"; };
		B17974FE2AB602BE00F7B6C8 /* Colors.swift */ = {isa = PBXFileReference; lastKnownFileType = sourcecode.swift; path = Colors.swift; sourceTree = "<group>"; };
		B17975012AB61AA600F7B6C8 /* WeatherPrimaryInfoCell.swift */ = {isa = PBXFileReference; lastKnownFileType = sourcecode.swift; path = WeatherPrimaryInfoCell.swift; sourceTree = "<group>"; };
		B17975032AB61D4D00F7B6C8 /* UIView+Additions.swift */ = {isa = PBXFileReference; lastKnownFileType = sourcecode.swift; path = "UIView+Additions.swift"; sourceTree = "<group>"; };
		B17975082AB61F6200F7B6C8 /* WeatherPrimaryInfoPresenter.swift */ = {isa = PBXFileReference; lastKnownFileType = sourcecode.swift; path = WeatherPrimaryInfoPresenter.swift; sourceTree = "<group>"; };
		B179750C2AB628CA00F7B6C8 /* RemoteModel.swift */ = {isa = PBXFileReference; lastKnownFileType = sourcecode.swift; path = RemoteModel.swift; sourceTree = "<group>"; };
		B17975142AB633B900F7B6C8 /* ReusableView.swift */ = {isa = PBXFileReference; lastKnownFileType = sourcecode.swift; path = ReusableView.swift; sourceTree = "<group>"; };
		B179751D2AB6435600F7B6C8 /* Assets.swift */ = {isa = PBXFileReference; lastKnownFileType = sourcecode.swift; path = Assets.swift; sourceTree = "<group>"; };
		B179751F2AB6480700F7B6C8 /* WeatherType.swift */ = {isa = PBXFileReference; lastKnownFileType = sourcecode.swift; path = WeatherType.swift; sourceTree = "<group>"; };
		B17975212AB64EC500F7B6C8 /* WeatherAdditionalInfoPresenter.swift */ = {isa = PBXFileReference; lastKnownFileType = sourcecode.swift; path = WeatherAdditionalInfoPresenter.swift; sourceTree = "<group>"; };
		B17975232AB6540200F7B6C8 /* Formatters.swift */ = {isa = PBXFileReference; lastKnownFileType = sourcecode.swift; path = Formatters.swift; sourceTree = "<group>"; };
		B17975252AB65AB700F7B6C8 /* WeatherInfoCellPresenter.swift */ = {isa = PBXFileReference; lastKnownFileType = sourcecode.swift; path = WeatherInfoCellPresenter.swift; sourceTree = "<group>"; };
		B17975272AB65B1100F7B6C8 /* WeatherAdditionalInfoCell.swift */ = {isa = PBXFileReference; lastKnownFileType = sourcecode.swift; path = WeatherAdditionalInfoCell.swift; sourceTree = "<group>"; };
		B179752A2AB670C400F7B6C8 /* SearchPresenter.swift */ = {isa = PBXFileReference; lastKnownFileType = sourcecode.swift; path = SearchPresenter.swift; sourceTree = "<group>"; };
		B179752B2AB670C400F7B6C8 /* SearchRouter.swift */ = {isa = PBXFileReference; lastKnownFileType = sourcecode.swift; path = SearchRouter.swift; sourceTree = "<group>"; };
		B179752C2AB670C400F7B6C8 /* SearchViewController.swift */ = {isa = PBXFileReference; lastKnownFileType = sourcecode.swift; path = SearchViewController.swift; sourceTree = "<group>"; };
		B179752D2AB670C400F7B6C8 /* SearchBuilder.swift */ = {isa = PBXFileReference; lastKnownFileType = sourcecode.swift; path = SearchBuilder.swift; sourceTree = "<group>"; };
		B179752E2AB670C400F7B6C8 /* SearchInteractor.swift */ = {isa = PBXFileReference; lastKnownFileType = sourcecode.swift; path = SearchInteractor.swift; sourceTree = "<group>"; };
		B17975342AB679F300F7B6C8 /* SearchResult.swift */ = {isa = PBXFileReference; lastKnownFileType = sourcecode.swift; path = SearchResult.swift; sourceTree = "<group>"; };
		B17975372AB67C7D00F7B6C8 /* SearchResultCell.swift */ = {isa = PBXFileReference; lastKnownFileType = sourcecode.swift; path = SearchResultCell.swift; sourceTree = "<group>"; };
		B17975392AB6821B00F7B6C8 /* DebounceWorker.swift */ = {isa = PBXFileReference; lastKnownFileType = sourcecode.swift; path = DebounceWorker.swift; sourceTree = "<group>"; };
		B179753D2AB6B93500F7B6C8 /* Preferences.swift */ = {isa = PBXFileReference; lastKnownFileType = sourcecode.swift; path = Preferences.swift; sourceTree = "<group>"; };
		B179753F2AB6BDA600F7B6C8 /* WeatherErrorView.swift */ = {isa = PBXFileReference; lastKnownFileType = sourcecode.swift; path = WeatherErrorView.swift; sourceTree = "<group>"; };
		B18584532AB4AEF300FBFD3C /* Zephyr.app */ = {isa = PBXFileReference; explicitFileType = wrapper.application; includeInIndex = 0; path = Zephyr.app; sourceTree = BUILT_PRODUCTS_DIR; };
		B18584562AB4AEF300FBFD3C /* AppDelegate.swift */ = {isa = PBXFileReference; lastKnownFileType = sourcecode.swift; path = AppDelegate.swift; sourceTree = "<group>"; };
		B18584582AB4AEF300FBFD3C /* SceneDelegate.swift */ = {isa = PBXFileReference; lastKnownFileType = sourcecode.swift; path = SceneDelegate.swift; sourceTree = "<group>"; };
		B185845F2AB4AEF400FBFD3C /* Assets.xcassets */ = {isa = PBXFileReference; lastKnownFileType = folder.assetcatalog; path = Assets.xcassets; sourceTree = "<group>"; };
		B18584622AB4AEF400FBFD3C /* Base */ = {isa = PBXFileReference; lastKnownFileType = file.storyboard; name = Base; path = Base.lproj/LaunchScreen.storyboard; sourceTree = "<group>"; };
		B18584642AB4AEF400FBFD3C /* Info.plist */ = {isa = PBXFileReference; lastKnownFileType = text.plist.xml; path = Info.plist; sourceTree = "<group>"; };
		B18584692AB4AEF400FBFD3C /* ZephyrTests.xctest */ = {isa = PBXFileReference; explicitFileType = wrapper.cfbundle; includeInIndex = 0; path = ZephyrTests.xctest; sourceTree = BUILT_PRODUCTS_DIR; };
		B185846D2AB4AEF400FBFD3C /* ZephyrTests.swift */ = {isa = PBXFileReference; lastKnownFileType = sourcecode.swift; path = ZephyrTests.swift; sourceTree = "<group>"; };
		B18584732AB4AEF400FBFD3C /* ZephyrUITests.xctest */ = {isa = PBXFileReference; explicitFileType = wrapper.cfbundle; includeInIndex = 0; path = ZephyrUITests.xctest; sourceTree = BUILT_PRODUCTS_DIR; };
		B18584772AB4AEF400FBFD3C /* ZephyrUITests.swift */ = {isa = PBXFileReference; lastKnownFileType = sourcecode.swift; path = ZephyrUITests.swift; sourceTree = "<group>"; };
		B18584792AB4AEF400FBFD3C /* ZephyrUITestsLaunchTests.swift */ = {isa = PBXFileReference; lastKnownFileType = sourcecode.swift; path = ZephyrUITestsLaunchTests.swift; sourceTree = "<group>"; };
/* End PBXFileReference section */

/* Begin PBXFrameworksBuildPhase section */
		B18584502AB4AEF300FBFD3C /* Frameworks */ = {
			isa = PBXFrameworksBuildPhase;
			buildActionMask = 2147483647;
			files = (
			);
			runOnlyForDeploymentPostprocessing = 0;
		};
		B18584662AB4AEF400FBFD3C /* Frameworks */ = {
			isa = PBXFrameworksBuildPhase;
			buildActionMask = 2147483647;
			files = (
			);
			runOnlyForDeploymentPostprocessing = 0;
		};
		B18584702AB4AEF400FBFD3C /* Frameworks */ = {
			isa = PBXFrameworksBuildPhase;
			buildActionMask = 2147483647;
			files = (
			);
			runOnlyForDeploymentPostprocessing = 0;
		};
/* End PBXFrameworksBuildPhase section */

/* Begin PBXGroup section */
		B11599932AB5A29D0068435E /* SupportingFiles */ = {
			isa = PBXGroup;
			children = (
			);
			path = SupportingFiles;
			sourceTree = "<group>";
		};
		B11599942AB5A2B10068435E /* Network */ = {
			isa = PBXGroup;
			children = (
				B11599A32AB5B5EF0068435E /* Client */,
				B11599A22AB5B5DA0068435E /* Request */,
			);
			path = Network;
			sourceTree = "<group>";
		};
		B115999F2AB5ACC30068435E /* Constants */ = {
			isa = PBXGroup;
			children = (
				B11599A02AB5ACD70068435E /* Constants.swift */,
			);
			path = Constants;
			sourceTree = "<group>";
		};
		B11599A22AB5B5DA0068435E /* Request */ = {
			isa = PBXGroup;
			children = (
				B11599972AB5A2E10068435E /* HttpRequest.swift */,
				B11599A42AB5B6920068435E /* GenericHttpRequest.swift */,
				B115999B2AB5A5E30068435E /* HttpRequestBody.swift */,
				B11599992AB5A5B50068435E /* HttpMethod.swift */,
			);
			path = Request;
			sourceTree = "<group>";
		};
		B11599A32AB5B5EF0068435E /* Client */ = {
			isa = PBXGroup;
			children = (
				B11599952AB5A2C70068435E /* HttpClient.swift */,
				B11599A62AB5B6F60068435E /* GenericHttpClient.swift */,
				B115999D2AB5AB200068435E /* HttpError.swift */,
			);
			path = Client;
			sourceTree = "<group>";
		};
		B17974D22AB5BAA000F7B6C8 /* Weather */ = {
			isa = PBXGroup;
			children = (
				B17974D32AB5BAB600F7B6C8 /* WeatherPresenter.swift */,
				B17974D42AB5BAB600F7B6C8 /* WeatherRouter.swift */,
				B17974D52AB5BAB600F7B6C8 /* WeatherViewController.swift */,
				B17974D62AB5BAB600F7B6C8 /* WeatherBuilder.swift */,
				B17974D72AB5BAB600F7B6C8 /* WeatherInteractor.swift */,
				B17975052AB61E8800F7B6C8 /* CellPresenters */,
				B17975002AB61A6300F7B6C8 /* Views */,
			);
			path = Weather;
			sourceTree = "<group>";
		};
		B17974E02AB5BDAD00F7B6C8 /* Common */ = {
			isa = PBXGroup;
			children = (
				B17974F92AB5E7C700F7B6C8 /* Extensions */,
				B17974F22AB5CE3800F7B6C8 /* Utils */,
				B17974EF2AB5C91300F7B6C8 /* Protocols */,
				B17974E12AB5BDB500F7B6C8 /* Models */,
			);
			path = Common;
			sourceTree = "<group>";
		};
		B17974E12AB5BDB500F7B6C8 /* Models */ = {
			isa = PBXGroup;
			children = (
				B17974E22AB5BDCD00F7B6C8 /* Location.swift */,
				B17974E62AB5BF6000F7B6C8 /* Units.swift */,
				B17974E92AB5C54C00F7B6C8 /* WeatherResponse.swift */,
				B17974FC2AB5F3C100F7B6C8 /* WeatherInformation.swift */,
				B179750C2AB628CA00F7B6C8 /* RemoteModel.swift */,
				B179751F2AB6480700F7B6C8 /* WeatherType.swift */,
				B17975342AB679F300F7B6C8 /* SearchResult.swift */,
			);
			path = Models;
			sourceTree = "<group>";
		};
		B17974EF2AB5C91300F7B6C8 /* Protocols */ = {
			isa = PBXGroup;
			children = (
				B17974F02AB5C92800F7B6C8 /* URLQueryConvertible.swift */,
				B17975142AB633B900F7B6C8 /* ReusableView.swift */,
			);
			path = Protocols;
			sourceTree = "<group>";
		};
		B17974F22AB5CE3800F7B6C8 /* Utils */ = {
			isa = PBXGroup;
			children = (
				B17974F32AB5CE5900F7B6C8 /* LocationManager.swift */,
				B17974F52AB5D67800F7B6C8 /* Logger.swift */,
				B17974FE2AB602BE00F7B6C8 /* Colors.swift */,
				B17975232AB6540200F7B6C8 /* Formatters.swift */,
				B179751D2AB6435600F7B6C8 /* Assets.swift */,
				B17975392AB6821B00F7B6C8 /* DebounceWorker.swift */,
				B179753D2AB6B93500F7B6C8 /* Preferences.swift */,
			);
			path = Utils;
			sourceTree = "<group>";
		};
		B17974F92AB5E7C700F7B6C8 /* Extensions */ = {
			isa = PBXGroup;
			children = (
				B17974FA2AB5E7E500F7B6C8 /* URLRequest+cURL.swift */,
				B17975032AB61D4D00F7B6C8 /* UIView+Additions.swift */,
			);
			path = Extensions;
			sourceTree = "<group>";
		};
		B17975002AB61A6300F7B6C8 /* Views */ = {
			isa = PBXGroup;
			children = (
				B17975012AB61AA600F7B6C8 /* WeatherPrimaryInfoCell.swift */,
				B17975272AB65B1100F7B6C8 /* WeatherAdditionalInfoCell.swift */,
				B179753F2AB6BDA600F7B6C8 /* WeatherErrorView.swift */,
			);
			path = Views;
			sourceTree = "<group>";
		};
		B17975052AB61E8800F7B6C8 /* CellPresenters */ = {
			isa = PBXGroup;
			children = (
				B17975082AB61F6200F7B6C8 /* WeatherPrimaryInfoPresenter.swift */,
				B17975212AB64EC500F7B6C8 /* WeatherAdditionalInfoPresenter.swift */,
				B17975252AB65AB700F7B6C8 /* WeatherInfoCellPresenter.swift */,
			);
			path = CellPresenters;
			sourceTree = "<group>";
		};
		B17975292AB670A900F7B6C8 /* Search */ = {
			isa = PBXGroup;
			children = (
				B179752A2AB670C400F7B6C8 /* SearchPresenter.swift */,
				B179752B2AB670C400F7B6C8 /* SearchRouter.swift */,
				B179752C2AB670C400F7B6C8 /* SearchViewController.swift */,
				B179752D2AB670C400F7B6C8 /* SearchBuilder.swift */,
				B179752E2AB670C400F7B6C8 /* SearchInteractor.swift */,
				B17975362AB67C4800F7B6C8 /* Views */,
			);
			path = Search;
			sourceTree = "<group>";
		};
		B17975362AB67C4800F7B6C8 /* Views */ = {
			isa = PBXGroup;
			children = (
				B17975372AB67C7D00F7B6C8 /* SearchResultCell.swift */,
			);
			path = Views;
			sourceTree = "<group>";
		};
		B185844A2AB4AEF300FBFD3C = {
			isa = PBXGroup;
			children = (
				B18584552AB4AEF300FBFD3C /* Zephyr */,
				B185846C2AB4AEF400FBFD3C /* ZephyrTests */,
				B18584762AB4AEF400FBFD3C /* ZephyrUITests */,
				B18584542AB4AEF300FBFD3C /* Products */,
			);
			sourceTree = "<group>";
		};
		B18584542AB4AEF300FBFD3C /* Products */ = {
			isa = PBXGroup;
			children = (
				B18584532AB4AEF300FBFD3C /* Zephyr.app */,
				B18584692AB4AEF400FBFD3C /* ZephyrTests.xctest */,
				B18584732AB4AEF400FBFD3C /* ZephyrUITests.xctest */,
			);
			name = Products;
			sourceTree = "<group>";
		};
		B18584552AB4AEF300FBFD3C /* Zephyr */ = {
			isa = PBXGroup;
			children = (
				B18584562AB4AEF300FBFD3C /* AppDelegate.swift */,
				B18584582AB4AEF300FBFD3C /* SceneDelegate.swift */,
				B17974F72AB5DCB200F7B6C8 /* AppRouter.swift */,
				B17974D22AB5BAA000F7B6C8 /* Weather */,
				B17975292AB670A900F7B6C8 /* Search */,
				B17974E02AB5BDAD00F7B6C8 /* Common */,
				B115999F2AB5ACC30068435E /* Constants */,
				B11599942AB5A2B10068435E /* Network */,
				B185845F2AB4AEF400FBFD3C /* Assets.xcassets */,
				B18584612AB4AEF400FBFD3C /* LaunchScreen.storyboard */,
				B18584642AB4AEF400FBFD3C /* Info.plist */,
				B11599932AB5A29D0068435E /* SupportingFiles */,
			);
			path = Zephyr;
			sourceTree = "<group>";
		};
		B185846C2AB4AEF400FBFD3C /* ZephyrTests */ = {
			isa = PBXGroup;
			children = (
				B185846D2AB4AEF400FBFD3C /* ZephyrTests.swift */,
			);
			path = ZephyrTests;
			sourceTree = "<group>";
		};
		B18584762AB4AEF400FBFD3C /* ZephyrUITests */ = {
			isa = PBXGroup;
			children = (
				B18584772AB4AEF400FBFD3C /* ZephyrUITests.swift */,
				B18584792AB4AEF400FBFD3C /* ZephyrUITestsLaunchTests.swift */,
			);
			path = ZephyrUITests;
			sourceTree = "<group>";
		};
/* End PBXGroup section */

/* Begin PBXNativeTarget section */
		B18584522AB4AEF300FBFD3C /* Zephyr */ = {
			isa = PBXNativeTarget;
			buildConfigurationList = B185847D2AB4AEF400FBFD3C /* Build configuration list for PBXNativeTarget "Zephyr" */;
			buildPhases = (
				B185844F2AB4AEF300FBFD3C /* Sources */,
				B18584502AB4AEF300FBFD3C /* Frameworks */,
				B18584512AB4AEF300FBFD3C /* Resources */,
			);
			buildRules = (
			);
			dependencies = (
			);
			name = Zephyr;
			productName = Zephyr;
			productReference = B18584532AB4AEF300FBFD3C /* Zephyr.app */;
			productType = "com.apple.product-type.application";
		};
		B18584682AB4AEF400FBFD3C /* ZephyrTests */ = {
			isa = PBXNativeTarget;
			buildConfigurationList = B18584802AB4AEF400FBFD3C /* Build configuration list for PBXNativeTarget "ZephyrTests" */;
			buildPhases = (
				B18584652AB4AEF400FBFD3C /* Sources */,
				B18584662AB4AEF400FBFD3C /* Frameworks */,
				B18584672AB4AEF400FBFD3C /* Resources */,
			);
			buildRules = (
			);
			dependencies = (
				B185846B2AB4AEF400FBFD3C /* PBXTargetDependency */,
			);
			name = ZephyrTests;
			productName = ZephyrTests;
			productReference = B18584692AB4AEF400FBFD3C /* ZephyrTests.xctest */;
			productType = "com.apple.product-type.bundle.unit-test";
		};
		B18584722AB4AEF400FBFD3C /* ZephyrUITests */ = {
			isa = PBXNativeTarget;
			buildConfigurationList = B18584832AB4AEF400FBFD3C /* Build configuration list for PBXNativeTarget "ZephyrUITests" */;
			buildPhases = (
				B185846F2AB4AEF400FBFD3C /* Sources */,
				B18584702AB4AEF400FBFD3C /* Frameworks */,
				B18584712AB4AEF400FBFD3C /* Resources */,
			);
			buildRules = (
			);
			dependencies = (
				B18584752AB4AEF400FBFD3C /* PBXTargetDependency */,
			);
			name = ZephyrUITests;
			productName = ZephyrUITests;
			productReference = B18584732AB4AEF400FBFD3C /* ZephyrUITests.xctest */;
			productType = "com.apple.product-type.bundle.ui-testing";
		};
/* End PBXNativeTarget section */

/* Begin PBXProject section */
		B185844B2AB4AEF300FBFD3C /* Project object */ = {
			isa = PBXProject;
			attributes = {
				BuildIndependentTargetsInParallel = 1;
				LastSwiftUpdateCheck = 1420;
				LastUpgradeCheck = 1420;
				TargetAttributes = {
					B18584522AB4AEF300FBFD3C = {
						CreatedOnToolsVersion = 14.2;
					};
					B18584682AB4AEF400FBFD3C = {
						CreatedOnToolsVersion = 14.2;
						TestTargetID = B18584522AB4AEF300FBFD3C;
					};
					B18584722AB4AEF400FBFD3C = {
						CreatedOnToolsVersion = 14.2;
						TestTargetID = B18584522AB4AEF300FBFD3C;
					};
				};
			};
			buildConfigurationList = B185844E2AB4AEF300FBFD3C /* Build configuration list for PBXProject "Zephyr" */;
			compatibilityVersion = "Xcode 14.0";
			developmentRegion = en;
			hasScannedForEncodings = 0;
			knownRegions = (
				en,
				Base,
			);
			mainGroup = B185844A2AB4AEF300FBFD3C;
			productRefGroup = B18584542AB4AEF300FBFD3C /* Products */;
			projectDirPath = "";
			projectRoot = "";
			targets = (
				B18584522AB4AEF300FBFD3C /* Zephyr */,
				B18584682AB4AEF400FBFD3C /* ZephyrTests */,
				B18584722AB4AEF400FBFD3C /* ZephyrUITests */,
			);
		};
/* End PBXProject section */

/* Begin PBXResourcesBuildPhase section */
		B18584512AB4AEF300FBFD3C /* Resources */ = {
			isa = PBXResourcesBuildPhase;
			buildActionMask = 2147483647;
			files = (
				B18584632AB4AEF400FBFD3C /* LaunchScreen.storyboard in Resources */,
				B18584602AB4AEF400FBFD3C /* Assets.xcassets in Resources */,
			);
			runOnlyForDeploymentPostprocessing = 0;
		};
		B18584672AB4AEF400FBFD3C /* Resources */ = {
			isa = PBXResourcesBuildPhase;
			buildActionMask = 2147483647;
			files = (
			);
			runOnlyForDeploymentPostprocessing = 0;
		};
		B18584712AB4AEF400FBFD3C /* Resources */ = {
			isa = PBXResourcesBuildPhase;
			buildActionMask = 2147483647;
			files = (
			);
			runOnlyForDeploymentPostprocessing = 0;
		};
/* End PBXResourcesBuildPhase section */

/* Begin PBXSourcesBuildPhase section */
		B185844F2AB4AEF300FBFD3C /* Sources */ = {
			isa = PBXSourcesBuildPhase;
			buildActionMask = 2147483647;
			files = (
				B17975202AB6480700F7B6C8 /* WeatherType.swift in Sources */,
				B179752F2AB670C400F7B6C8 /* SearchPresenter.swift in Sources */,
				B17975242AB6540200F7B6C8 /* Formatters.swift in Sources */,
				B17975042AB61D4D00F7B6C8 /* UIView+Additions.swift in Sources */,
				B17974D82AB5BAB600F7B6C8 /* WeatherPresenter.swift in Sources */,
				B17975262AB65AB700F7B6C8 /* WeatherInfoCellPresenter.swift in Sources */,
				B115999C2AB5A5E30068435E /* HttpRequestBody.swift in Sources */,
				B17975312AB670C400F7B6C8 /* SearchViewController.swift in Sources */,
				B179753A2AB6821B00F7B6C8 /* DebounceWorker.swift in Sources */,
				B17975022AB61AA600F7B6C8 /* WeatherPrimaryInfoCell.swift in Sources */,
				B17975322AB670C400F7B6C8 /* SearchBuilder.swift in Sources */,
				B17975352AB679F300F7B6C8 /* SearchResult.swift in Sources */,
				B18584572AB4AEF300FBFD3C /* AppDelegate.swift in Sources */,
				B17974E32AB5BDCD00F7B6C8 /* Location.swift in Sources */,
				B11599A52AB5B6920068435E /* GenericHttpRequest.swift in Sources */,
				B17975152AB633B900F7B6C8 /* ReusableView.swift in Sources */,
				B115999A2AB5A5B50068435E /* HttpMethod.swift in Sources */,
				B115999E2AB5AB200068435E /* HttpError.swift in Sources */,
				B11599982AB5A2E10068435E /* HttpRequest.swift in Sources */,
				B17974F12AB5C92800F7B6C8 /* URLQueryConvertible.swift in Sources */,
				B17975402AB6BDA600F7B6C8 /* WeatherErrorView.swift in Sources */,
				B17974F82AB5DCB200F7B6C8 /* AppRouter.swift in Sources */,
				B11599962AB5A2C70068435E /* HttpClient.swift in Sources */,
				B17974FB2AB5E7E500F7B6C8 /* URLRequest+cURL.swift in Sources */,
				B17975092AB61F6200F7B6C8 /* WeatherPrimaryInfoPresenter.swift in Sources */,
				B18584592AB4AEF300FBFD3C /* SceneDelegate.swift in Sources */,
				B17974FD2AB5F3C100F7B6C8 /* WeatherInformation.swift in Sources */,
				B17974EA2AB5C54C00F7B6C8 /* WeatherResponse.swift in Sources */,
				B17974FF2AB602BE00F7B6C8 /* Colors.swift in Sources */,
				B17974D92AB5BAB600F7B6C8 /* WeatherRouter.swift in Sources */,
				B17975282AB65B1100F7B6C8 /* WeatherAdditionalInfoCell.swift in Sources */,
				B17974E72AB5BF6000F7B6C8 /* Units.swift in Sources */,
				B17975332AB670C400F7B6C8 /* SearchInteractor.swift in Sources */,
				B179751E2AB6435600F7B6C8 /* Assets.swift in Sources */,
				B17974DA2AB5BAB600F7B6C8 /* WeatherViewController.swift in Sources */,
				B179750D2AB628CA00F7B6C8 /* RemoteModel.swift in Sources */,
				B17975382AB67C7D00F7B6C8 /* SearchResultCell.swift in Sources */,
				B17975302AB670C400F7B6C8 /* SearchRouter.swift in Sources */,
				B179753E2AB6B93500F7B6C8 /* Preferences.swift in Sources */,
				B17974DB2AB5BAB600F7B6C8 /* WeatherBuilder.swift in Sources */,
				B17975222AB64EC500F7B6C8 /* WeatherAdditionalInfoPresenter.swift in Sources */,
				B17974F62AB5D67800F7B6C8 /* Logger.swift in Sources */,
				B17974F42AB5CE5900F7B6C8 /* LocationManager.swift in Sources */,
				B17974DC2AB5BAB600F7B6C8 /* WeatherInteractor.swift in Sources */,
				B11599A72AB5B6F60068435E /* GenericHttpClient.swift in Sources */,
				B11599A12AB5ACD70068435E /* Constants.swift in Sources */,
			);
			runOnlyForDeploymentPostprocessing = 0;
		};
		B18584652AB4AEF400FBFD3C /* Sources */ = {
			isa = PBXSourcesBuildPhase;
			buildActionMask = 2147483647;
			files = (
				B185846E2AB4AEF400FBFD3C /* ZephyrTests.swift in Sources */,
			);
			runOnlyForDeploymentPostprocessing = 0;
		};
		B185846F2AB4AEF400FBFD3C /* Sources */ = {
			isa = PBXSourcesBuildPhase;
			buildActionMask = 2147483647;
			files = (
				B185847A2AB4AEF400FBFD3C /* ZephyrUITestsLaunchTests.swift in Sources */,
				B18584782AB4AEF400FBFD3C /* ZephyrUITests.swift in Sources */,
			);
			runOnlyForDeploymentPostprocessing = 0;
		};
/* End PBXSourcesBuildPhase section */

/* Begin PBXTargetDependency section */
		B185846B2AB4AEF400FBFD3C /* PBXTargetDependency */ = {
			isa = PBXTargetDependency;
			target = B18584522AB4AEF300FBFD3C /* Zephyr */;
			targetProxy = B185846A2AB4AEF400FBFD3C /* PBXContainerItemProxy */;
		};
		B18584752AB4AEF400FBFD3C /* PBXTargetDependency */ = {
			isa = PBXTargetDependency;
			target = B18584522AB4AEF300FBFD3C /* Zephyr */;
			targetProxy = B18584742AB4AEF400FBFD3C /* PBXContainerItemProxy */;
		};
/* End PBXTargetDependency section */

/* Begin PBXVariantGroup section */
		B18584612AB4AEF400FBFD3C /* LaunchScreen.storyboard */ = {
			isa = PBXVariantGroup;
			children = (
				B18584622AB4AEF400FBFD3C /* Base */,
			);
			name = LaunchScreen.storyboard;
			sourceTree = "<group>";
		};
/* End PBXVariantGroup section */

/* Begin XCBuildConfiguration section */
		B185847B2AB4AEF400FBFD3C /* Debug */ = {
			isa = XCBuildConfiguration;
			buildSettings = {
				ALWAYS_SEARCH_USER_PATHS = NO;
				CLANG_ANALYZER_NONNULL = YES;
				CLANG_ANALYZER_NUMBER_OBJECT_CONVERSION = YES_AGGRESSIVE;
				CLANG_CXX_LANGUAGE_STANDARD = "gnu++20";
				CLANG_ENABLE_MODULES = YES;
				CLANG_ENABLE_OBJC_ARC = YES;
				CLANG_ENABLE_OBJC_WEAK = YES;
				CLANG_WARN_BLOCK_CAPTURE_AUTORELEASING = YES;
				CLANG_WARN_BOOL_CONVERSION = YES;
				CLANG_WARN_COMMA = YES;
				CLANG_WARN_CONSTANT_CONVERSION = YES;
				CLANG_WARN_DEPRECATED_OBJC_IMPLEMENTATIONS = YES;
				CLANG_WARN_DIRECT_OBJC_ISA_USAGE = YES_ERROR;
				CLANG_WARN_DOCUMENTATION_COMMENTS = YES;
				CLANG_WARN_EMPTY_BODY = YES;
				CLANG_WARN_ENUM_CONVERSION = YES;
				CLANG_WARN_INFINITE_RECURSION = YES;
				CLANG_WARN_INT_CONVERSION = YES;
				CLANG_WARN_NON_LITERAL_NULL_CONVERSION = YES;
				CLANG_WARN_OBJC_IMPLICIT_RETAIN_SELF = YES;
				CLANG_WARN_OBJC_LITERAL_CONVERSION = YES;
				CLANG_WARN_OBJC_ROOT_CLASS = YES_ERROR;
				CLANG_WARN_QUOTED_INCLUDE_IN_FRAMEWORK_HEADER = YES;
				CLANG_WARN_RANGE_LOOP_ANALYSIS = YES;
				CLANG_WARN_STRICT_PROTOTYPES = YES;
				CLANG_WARN_SUSPICIOUS_MOVE = YES;
				CLANG_WARN_UNGUARDED_AVAILABILITY = YES_AGGRESSIVE;
				CLANG_WARN_UNREACHABLE_CODE = YES;
				CLANG_WARN__DUPLICATE_METHOD_MATCH = YES;
				COPY_PHASE_STRIP = NO;
				DEBUG_INFORMATION_FORMAT = dwarf;
				ENABLE_STRICT_OBJC_MSGSEND = YES;
				ENABLE_TESTABILITY = YES;
				GCC_C_LANGUAGE_STANDARD = gnu11;
				GCC_DYNAMIC_NO_PIC = NO;
				GCC_NO_COMMON_BLOCKS = YES;
				GCC_OPTIMIZATION_LEVEL = 0;
				GCC_PREPROCESSOR_DEFINITIONS = (
					"DEBUG=1",
					"$(inherited)",
				);
				GCC_WARN_64_TO_32_BIT_CONVERSION = YES;
				GCC_WARN_ABOUT_RETURN_TYPE = YES_ERROR;
				GCC_WARN_UNDECLARED_SELECTOR = YES;
				GCC_WARN_UNINITIALIZED_AUTOS = YES_AGGRESSIVE;
				GCC_WARN_UNUSED_FUNCTION = YES;
				GCC_WARN_UNUSED_VARIABLE = YES;
				IPHONEOS_DEPLOYMENT_TARGET = 16.2;
				MTL_ENABLE_DEBUG_INFO = INCLUDE_SOURCE;
				MTL_FAST_MATH = YES;
				ONLY_ACTIVE_ARCH = YES;
				SDKROOT = iphoneos;
				SWIFT_ACTIVE_COMPILATION_CONDITIONS = DEBUG;
				SWIFT_OPTIMIZATION_LEVEL = "-Onone";
			};
			name = Debug;
		};
		B185847C2AB4AEF400FBFD3C /* Release */ = {
			isa = XCBuildConfiguration;
			buildSettings = {
				ALWAYS_SEARCH_USER_PATHS = NO;
				CLANG_ANALYZER_NONNULL = YES;
				CLANG_ANALYZER_NUMBER_OBJECT_CONVERSION = YES_AGGRESSIVE;
				CLANG_CXX_LANGUAGE_STANDARD = "gnu++20";
				CLANG_ENABLE_MODULES = YES;
				CLANG_ENABLE_OBJC_ARC = YES;
				CLANG_ENABLE_OBJC_WEAK = YES;
				CLANG_WARN_BLOCK_CAPTURE_AUTORELEASING = YES;
				CLANG_WARN_BOOL_CONVERSION = YES;
				CLANG_WARN_COMMA = YES;
				CLANG_WARN_CONSTANT_CONVERSION = YES;
				CLANG_WARN_DEPRECATED_OBJC_IMPLEMENTATIONS = YES;
				CLANG_WARN_DIRECT_OBJC_ISA_USAGE = YES_ERROR;
				CLANG_WARN_DOCUMENTATION_COMMENTS = YES;
				CLANG_WARN_EMPTY_BODY = YES;
				CLANG_WARN_ENUM_CONVERSION = YES;
				CLANG_WARN_INFINITE_RECURSION = YES;
				CLANG_WARN_INT_CONVERSION = YES;
				CLANG_WARN_NON_LITERAL_NULL_CONVERSION = YES;
				CLANG_WARN_OBJC_IMPLICIT_RETAIN_SELF = YES;
				CLANG_WARN_OBJC_LITERAL_CONVERSION = YES;
				CLANG_WARN_OBJC_ROOT_CLASS = YES_ERROR;
				CLANG_WARN_QUOTED_INCLUDE_IN_FRAMEWORK_HEADER = YES;
				CLANG_WARN_RANGE_LOOP_ANALYSIS = YES;
				CLANG_WARN_STRICT_PROTOTYPES = YES;
				CLANG_WARN_SUSPICIOUS_MOVE = YES;
				CLANG_WARN_UNGUARDED_AVAILABILITY = YES_AGGRESSIVE;
				CLANG_WARN_UNREACHABLE_CODE = YES;
				CLANG_WARN__DUPLICATE_METHOD_MATCH = YES;
				COPY_PHASE_STRIP = NO;
				DEBUG_INFORMATION_FORMAT = "dwarf-with-dsym";
				ENABLE_NS_ASSERTIONS = NO;
				ENABLE_STRICT_OBJC_MSGSEND = YES;
				GCC_C_LANGUAGE_STANDARD = gnu11;
				GCC_NO_COMMON_BLOCKS = YES;
				GCC_WARN_64_TO_32_BIT_CONVERSION = YES;
				GCC_WARN_ABOUT_RETURN_TYPE = YES_ERROR;
				GCC_WARN_UNDECLARED_SELECTOR = YES;
				GCC_WARN_UNINITIALIZED_AUTOS = YES_AGGRESSIVE;
				GCC_WARN_UNUSED_FUNCTION = YES;
				GCC_WARN_UNUSED_VARIABLE = YES;
				IPHONEOS_DEPLOYMENT_TARGET = 16.2;
				MTL_ENABLE_DEBUG_INFO = NO;
				MTL_FAST_MATH = YES;
				SDKROOT = iphoneos;
				SWIFT_COMPILATION_MODE = wholemodule;
				SWIFT_OPTIMIZATION_LEVEL = "-O";
				VALIDATE_PRODUCT = YES;
			};
			name = Release;
		};
		B185847E2AB4AEF400FBFD3C /* Debug */ = {
			isa = XCBuildConfiguration;
			buildSettings = {
				ASSETCATALOG_COMPILER_APPICON_NAME = AppIcon;
				ASSETCATALOG_COMPILER_GLOBAL_ACCENT_COLOR_NAME = AccentColor;
				CODE_SIGN_STYLE = Automatic;
				CURRENT_PROJECT_VERSION = 1;
				DEVELOPMENT_TEAM = 839H3SR4B5;
				GENERATE_INFOPLIST_FILE = YES;
				INFOPLIST_FILE = Zephyr/Info.plist;
				INFOPLIST_KEY_NSLocationWhenInUseUsageDescription = "We use your current location to display weather in your area";
				INFOPLIST_KEY_UIApplicationSupportsIndirectInputEvents = YES;
				INFOPLIST_KEY_UILaunchStoryboardName = LaunchScreen;
				INFOPLIST_KEY_UISupportedInterfaceOrientations_iPad = "UIInterfaceOrientationPortrait UIInterfaceOrientationPortraitUpsideDown UIInterfaceOrientationLandscapeLeft UIInterfaceOrientationLandscapeRight";
				INFOPLIST_KEY_UISupportedInterfaceOrientations_iPhone = "UIInterfaceOrientationPortrait UIInterfaceOrientationLandscapeLeft UIInterfaceOrientationLandscapeRight";
				IPHONEOS_DEPLOYMENT_TARGET = 14.0;
				LD_RUNPATH_SEARCH_PATHS = (
					"$(inherited)",
					"@executable_path/Frameworks",
				);
				MARKETING_VERSION = 1.0;
				PRODUCT_BUNDLE_IDENTIFIER = com.anirudha.Zephyr;
				PRODUCT_NAME = "$(TARGET_NAME)";
				SWIFT_EMIT_LOC_STRINGS = YES;
				SWIFT_VERSION = 5.0;
				TARGETED_DEVICE_FAMILY = "1,2";
			};
			name = Debug;
		};
		B185847F2AB4AEF400FBFD3C /* Release */ = {
			isa = XCBuildConfiguration;
			buildSettings = {
				ASSETCATALOG_COMPILER_APPICON_NAME = AppIcon;
				ASSETCATALOG_COMPILER_GLOBAL_ACCENT_COLOR_NAME = AccentColor;
				CODE_SIGN_STYLE = Automatic;
				CURRENT_PROJECT_VERSION = 1;
				DEVELOPMENT_TEAM = 839H3SR4B5;
				GENERATE_INFOPLIST_FILE = YES;
				INFOPLIST_FILE = Zephyr/Info.plist;
				INFOPLIST_KEY_NSLocationWhenInUseUsageDescription = "We use your current location to display weather in your area";
				INFOPLIST_KEY_UIApplicationSupportsIndirectInputEvents = YES;
				INFOPLIST_KEY_UILaunchStoryboardName = LaunchScreen;
				INFOPLIST_KEY_UISupportedInterfaceOrientations_iPad = "UIInterfaceOrientationPortrait UIInterfaceOrientationPortraitUpsideDown UIInterfaceOrientationLandscapeLeft UIInterfaceOrientationLandscapeRight";
				INFOPLIST_KEY_UISupportedInterfaceOrientations_iPhone = "UIInterfaceOrientationPortrait UIInterfaceOrientationLandscapeLeft UIInterfaceOrientationLandscapeRight";
				IPHONEOS_DEPLOYMENT_TARGET = 14.0;
				LD_RUNPATH_SEARCH_PATHS = (
					"$(inherited)",
					"@executable_path/Frameworks",
				);
				MARKETING_VERSION = 1.0;
				PRODUCT_BUNDLE_IDENTIFIER = com.anirudha.Zephyr;
				PRODUCT_NAME = "$(TARGET_NAME)";
				SWIFT_EMIT_LOC_STRINGS = YES;
				SWIFT_VERSION = 5.0;
				TARGETED_DEVICE_FAMILY = "1,2";
			};
			name = Release;
		};
		B18584812AB4AEF400FBFD3C /* Debug */ = {
			isa = XCBuildConfiguration;
			buildSettings = {
				ALWAYS_EMBED_SWIFT_STANDARD_LIBRARIES = YES;
				BUNDLE_LOADER = "$(TEST_HOST)";
				CODE_SIGN_STYLE = Automatic;
				CURRENT_PROJECT_VERSION = 1;
				DEVELOPMENT_TEAM = 839H3SR4B5;
				GENERATE_INFOPLIST_FILE = YES;
				IPHONEOS_DEPLOYMENT_TARGET = 16.2;
				MARKETING_VERSION = 1.0;
				PRODUCT_BUNDLE_IDENTIFIER = com.anirudha.ZephyrTests;
				PRODUCT_NAME = "$(TARGET_NAME)";
				SWIFT_EMIT_LOC_STRINGS = NO;
				SWIFT_VERSION = 5.0;
				TARGETED_DEVICE_FAMILY = "1,2";
				TEST_HOST = "$(BUILT_PRODUCTS_DIR)/Zephyr.app/$(BUNDLE_EXECUTABLE_FOLDER_PATH)/Zephyr";
			};
			name = Debug;
		};
		B18584822AB4AEF400FBFD3C /* Release */ = {
			isa = XCBuildConfiguration;
			buildSettings = {
				ALWAYS_EMBED_SWIFT_STANDARD_LIBRARIES = YES;
				BUNDLE_LOADER = "$(TEST_HOST)";
				CODE_SIGN_STYLE = Automatic;
				CURRENT_PROJECT_VERSION = 1;
				DEVELOPMENT_TEAM = 839H3SR4B5;
				GENERATE_INFOPLIST_FILE = YES;
				IPHONEOS_DEPLOYMENT_TARGET = 16.2;
				MARKETING_VERSION = 1.0;
				PRODUCT_BUNDLE_IDENTIFIER = com.anirudha.ZephyrTests;
				PRODUCT_NAME = "$(TARGET_NAME)";
				SWIFT_EMIT_LOC_STRINGS = NO;
				SWIFT_VERSION = 5.0;
				TARGETED_DEVICE_FAMILY = "1,2";
				TEST_HOST = "$(BUILT_PRODUCTS_DIR)/Zephyr.app/$(BUNDLE_EXECUTABLE_FOLDER_PATH)/Zephyr";
			};
			name = Release;
		};
		B18584842AB4AEF400FBFD3C /* Debug */ = {
			isa = XCBuildConfiguration;
			buildSettings = {
				ALWAYS_EMBED_SWIFT_STANDARD_LIBRARIES = YES;
				CODE_SIGN_STYLE = Automatic;
				CURRENT_PROJECT_VERSION = 1;
				DEVELOPMENT_TEAM = 839H3SR4B5;
				GENERATE_INFOPLIST_FILE = YES;
				MARKETING_VERSION = 1.0;
				PRODUCT_BUNDLE_IDENTIFIER = com.anirudha.ZephyrUITests;
				PRODUCT_NAME = "$(TARGET_NAME)";
				SWIFT_EMIT_LOC_STRINGS = NO;
				SWIFT_VERSION = 5.0;
				TARGETED_DEVICE_FAMILY = "1,2";
				TEST_TARGET_NAME = Zephyr;
			};
			name = Debug;
		};
		B18584852AB4AEF400FBFD3C /* Release */ = {
			isa = XCBuildConfiguration;
			buildSettings = {
				ALWAYS_EMBED_SWIFT_STANDARD_LIBRARIES = YES;
				CODE_SIGN_STYLE = Automatic;
				CURRENT_PROJECT_VERSION = 1;
				DEVELOPMENT_TEAM = 839H3SR4B5;
				GENERATE_INFOPLIST_FILE = YES;
				MARKETING_VERSION = 1.0;
				PRODUCT_BUNDLE_IDENTIFIER = com.anirudha.ZephyrUITests;
				PRODUCT_NAME = "$(TARGET_NAME)";
				SWIFT_EMIT_LOC_STRINGS = NO;
				SWIFT_VERSION = 5.0;
				TARGETED_DEVICE_FAMILY = "1,2";
				TEST_TARGET_NAME = Zephyr;
			};
			name = Release;
		};
/* End XCBuildConfiguration section */

/* Begin XCConfigurationList section */
		B185844E2AB4AEF300FBFD3C /* Build configuration list for PBXProject "Zephyr" */ = {
			isa = XCConfigurationList;
			buildConfigurations = (
				B185847B2AB4AEF400FBFD3C /* Debug */,
				B185847C2AB4AEF400FBFD3C /* Release */,
			);
			defaultConfigurationIsVisible = 0;
			defaultConfigurationName = Release;
		};
		B185847D2AB4AEF400FBFD3C /* Build configuration list for PBXNativeTarget "Zephyr" */ = {
			isa = XCConfigurationList;
			buildConfigurations = (
				B185847E2AB4AEF400FBFD3C /* Debug */,
				B185847F2AB4AEF400FBFD3C /* Release */,
			);
			defaultConfigurationIsVisible = 0;
			defaultConfigurationName = Release;
		};
		B18584802AB4AEF400FBFD3C /* Build configuration list for PBXNativeTarget "ZephyrTests" */ = {
			isa = XCConfigurationList;
			buildConfigurations = (
				B18584812AB4AEF400FBFD3C /* Debug */,
				B18584822AB4AEF400FBFD3C /* Release */,
			);
			defaultConfigurationIsVisible = 0;
			defaultConfigurationName = Release;
		};
		B18584832AB4AEF400FBFD3C /* Build configuration list for PBXNativeTarget "ZephyrUITests" */ = {
			isa = XCConfigurationList;
			buildConfigurations = (
				B18584842AB4AEF400FBFD3C /* Debug */,
				B18584852AB4AEF400FBFD3C /* Release */,
			);
			defaultConfigurationIsVisible = 0;
			defaultConfigurationName = Release;
		};
/* End XCConfigurationList section */
	};
	rootObject = B185844B2AB4AEF300FBFD3C /* Project object */;
}
