// !$*UTF8*$!
{
	archiveVersion = 1;
	classes = {
	};
	objectVersion = 56;
	objects = {

/* Begin PBXBuildFile section */
		B18584572AB4AEF300FBFD3C /* AppDelegate.swift in Sources */ = {isa = PBXBuildFile; fileRef = B18584562AB4AEF300FBFD3C /* AppDelegate.swift */; };
		B18584592AB4AEF300FBFD3C /* SceneDelegate.swift in Sources */ = {isa = PBXBuildFile; fileRef = B18584582AB4AEF300FBFD3C /* SceneDelegate.swift */; };
		B185845B2AB4AEF300FBFD3C /* ViewController.swift in Sources */ = {isa = PBXBuildFile; fileRef = B185845A2AB4AEF300FBFD3C /* ViewController.swift */; };
		B185845E2AB4AEF300FBFD3C /* Main.storyboard in Resources */ = {isa = PBXBuildFile; fileRef = B185845C2AB4AEF300FBFD3C /* Main.storyboard */; };
		B18584602AB4AEF400FBFD3C /* Assets.xcassets in Resources */ = {isa = PBXBuildFile; fileRef = B185845F2AB4AEF400FBFD3C /* Assets.xcassets */; };
		B18584632AB4AEF400FBFD3C /* LaunchScreen.storyboard in Resources */ = {isa = PBXBuildFile; fileRef = B18584612AB4AEF400FBFD3C /* LaunchScreen.storyboard */; };
		B185846E2AB4AEF400FBFD3C /* ZephyrTests.swift in Sources */ = {isa = PBXBuildFile; fileRef = B185846D2AB4AEF400FBFD3C /* ZephyrTests.swift */; };
		B18584782AB4AEF400FBFD3C /* ZephyrUITests.swift in Sources */ = {isa = PBXBuildFile; fileRef = B18584772AB4AEF400FBFD3C /* ZephyrUITests.swift */; };
		B185847A2AB4AEF400FBFD3C /* ZephyrUITestsLaunchTests.swift in Sources */ = {isa = PBXBuildFile; fileRef = B18584792AB4AEF400FBFD3C /* ZephyrUITestsLaunchTests.swift */; };
/* End PBXBuildFile section */

/* Begin PBXContainerItemProxy section */
		B185846A2AB4AEF400FBFD3C /* PBXContainerItemProxy */ = {
			isa = PBXContainerItemProxy;
			containerPortal = B185844B2AB4AEF300FBFD3C /* Project object */;
			proxyType = 1;
			remoteGlobalIDString = B18584522AB4AEF300FBFD3C;
			remoteInfo = Zephyr;
		};
		B18584742AB4AEF400FBFD3C /* PBXContainerItemProxy */ = {
			isa = PBXContainerItemProxy;
			containerPortal = B185844B2AB4AEF300FBFD3C /* Project object */;
			proxyType = 1;
			remoteGlobalIDString = B18584522AB4AEF300FBFD3C;
			remoteInfo = Zephyr;
		};
/* End PBXContainerItemProxy section */

/* Begin PBXFileReference section */
		B18584532AB4AEF300FBFD3C /* Zephyr.app */ = {isa = PBXFileReference; explicitFileType = wrapper.application; includeInIndex = 0; path = Zephyr.app; sourceTree = BUILT_PRODUCTS_DIR; };
		B18584562AB4AEF300FBFD3C /* AppDelegate.swift */ = {isa = PBXFileReference; lastKnownFileType = sourcecode.swift; path = AppDelegate.swift; sourceTree = "<group>"; };
		B18584582AB4AEF300FBFD3C /* SceneDelegate.swift */ = {isa = PBXFileReference; lastKnownFileType = sourcecode.swift; path = SceneDelegate.swift; sourceTree = "<group>"; };
		B185845A2AB4AEF300FBFD3C /* ViewController.swift */ = {isa = PBXFileReference; lastKnownFileType = sourcecode.swift; path = ViewController.swift; sourceTree = "<group>"; };
		B185845D2AB4AEF300FBFD3C /* Base */ = {isa = PBXFileReference; lastKnownFileType = file.storyboard; name = Base; path = Base.lproj/Main.storyboard; sourceTree = "<group>"; };
		B185845F2AB4AEF400FBFD3C /* Assets.xcassets */ = {isa = PBXFileReference; lastKnownFileType = folder.assetcatalog; path = Assets.xcassets; sourceTree = "<group>"; };
		B18584622AB4AEF400FBFD3C /* Base */ = {isa = PBXFileReference; lastKnownFileType = file.storyboard; name = Base; path = Base.lproj/LaunchScreen.storyboard; sourceTree = "<group>"; };
		B18584642AB4AEF400FBFD3C /* Info.plist */ = {isa = PBXFileReference; lastKnownFileType = text.plist.xml; path = Info.plist; sourceTree = "<group>"; };
		B18584692AB4AEF400FBFD3C /* ZephyrTests.xctest */ = {isa = PBXFileReference; explicitFileType = wrapper.cfbundle; includeInIndex = 0; path = ZephyrTests.xctest; sourceTree = BUILT_PRODUCTS_DIR; };
		B185846D2AB4AEF400FBFD3C /* ZephyrTests.swift */ = {isa = PBXFileReference; lastKnownFileType = sourcecode.swift; path = ZephyrTests.swift; sourceTree = "<group>"; };
		B18584732AB4AEF400FBFD3C /* ZephyrUITests.xctest */ = {isa = PBXFileReference; explicitFileType = wrapper.cfbundle; includeInIndex = 0; path = ZephyrUITests.xctest; sourceTree = BUILT_PRODUCTS_DIR; };
		B18584772AB4AEF400FBFD3C /* ZephyrUITests.swift */ = {isa = PBXFileReference; lastKnownFileType = sourcecode.swift; path = ZephyrUITests.swift; sourceTree = "<group>"; };
		B18584792AB4AEF400FBFD3C /* ZephyrUITestsLaunchTests.swift */ = {isa = PBXFileReference; lastKnownFileType = sourcecode.swift; path = ZephyrUITestsLaunchTests.swift; sourceTree = "<group>"; };
/* End PBXFileReference section */

/* Begin PBXFrameworksBuildPhase section */
		B18584502AB4AEF300FBFD3C /* Frameworks */ = {
			isa = PBXFrameworksBuildPhase;
			buildActionMask = 2147483647;
			files = (
			);
			runOnlyForDeploymentPostprocessing = 0;
		};
		B18584662AB4AEF400FBFD3C /* Frameworks */ = {
			isa = PBXFrameworksBuildPhase;
			buildActionMask = 2147483647;
			files = (
			);
			runOnlyForDeploymentPostprocessing = 0;
		};
		B18584702AB4AEF400FBFD3C /* Frameworks */ = {
			isa = PBXFrameworksBuildPhase;
			buildActionMask = 2147483647;
			files = (
			);
			runOnlyForDeploymentPostprocessing = 0;
		};
/* End PBXFrameworksBuildPhase section */

/* Begin PBXGroup section */
		B185844A2AB4AEF300FBFD3C = {
			isa = PBXGroup;
			children = (
				B18584552AB4AEF300FBFD3C /* Zephyr */,
				B185846C2AB4AEF400FBFD3C /* ZephyrTests */,
				B18584762AB4AEF400FBFD3C /* ZephyrUITests */,
				B18584542AB4AEF300FBFD3C /* Products */,
			);
			sourceTree = "<group>";
		};
		B18584542AB4AEF300FBFD3C /* Products */ = {
			isa = PBXGroup;
			children = (
				B18584532AB4AEF300FBFD3C /* Zephyr.app */,
				B18584692AB4AEF400FBFD3C /* ZephyrTests.xctest */,
				B18584732AB4AEF400FBFD3C /* ZephyrUITests.xctest */,
			);
			name = Products;
			sourceTree = "<group>";
		};
		B18584552AB4AEF300FBFD3C /* Zephyr */ = {
			isa = PBXGroup;
			children = (
				B18584562AB4AEF300FBFD3C /* AppDelegate.swift */,
				B18584582AB4AEF300FBFD3C /* SceneDelegate.swift */,
				B185845A2AB4AEF300FBFD3C /* ViewController.swift */,
				B185845C2AB4AEF300FBFD3C /* Main.storyboard */,
				B185845F2AB4AEF400FBFD3C /* Assets.xcassets */,
				B18584612AB4AEF400FBFD3C /* LaunchScreen.storyboard */,
				B18584642AB4AEF400FBFD3C /* Info.plist */,
			);
			path = Zephyr;
			sourceTree = "<group>";
		};
		B185846C2AB4AEF400FBFD3C /* ZephyrTests */ = {
			isa = PBXGroup;
			children = (
				B185846D2AB4AEF400FBFD3C /* ZephyrTests.swift */,
			);
			path = ZephyrTests;
			sourceTree = "<group>";
		};
		B18584762AB4AEF400FBFD3C /* ZephyrUITests */ = {
			isa = PBXGroup;
			children = (
				B18584772AB4AEF400FBFD3C /* ZephyrUITests.swift */,
				B18584792AB4AEF400FBFD3C /* ZephyrUITestsLaunchTests.swift */,
			);
			path = ZephyrUITests;
			sourceTree = "<group>";
		};
/* End PBXGroup section */

/* Begin PBXNativeTarget section */
		B18584522AB4AEF300FBFD3C /* Zephyr */ = {
			isa = PBXNativeTarget;
			buildConfigurationList = B185847D2AB4AEF400FBFD3C /* Build configuration list for PBXNativeTarget "Zephyr" */;
			buildPhases = (
				B185844F2AB4AEF300FBFD3C /* Sources */,
				B18584502AB4AEF300FBFD3C /* Frameworks */,
				B18584512AB4AEF300FBFD3C /* Resources */,
			);
			buildRules = (
			);
			dependencies = (
			);
			name = Zephyr;
			productName = Zephyr;
			productReference = B18584532AB4AEF300FBFD3C /* Zephyr.app */;
			productType = "com.apple.product-type.application";
		};
		B18584682AB4AEF400FBFD3C /* ZephyrTests */ = {
			isa = PBXNativeTarget;
			buildConfigurationList = B18584802AB4AEF400FBFD3C /* Build configuration list for PBXNativeTarget "ZephyrTests" */;
			buildPhases = (
				B18584652AB4AEF400FBFD3C /* Sources */,
				B18584662AB4AEF400FBFD3C /* Frameworks */,
				B18584672AB4AEF400FBFD3C /* Resources */,
			);
			buildRules = (
			);
			dependencies = (
				B185846B2AB4AEF400FBFD3C /* PBXTargetDependency */,
			);
			name = ZephyrTests;
			productName = ZephyrTests;
			productReference = B18584692AB4AEF400FBFD3C /* ZephyrTests.xctest */;
			productType = "com.apple.product-type.bundle.unit-test";
		};
		B18584722AB4AEF400FBFD3C /* ZephyrUITests */ = {
			isa = PBXNativeTarget;
			buildConfigurationList = B18584832AB4AEF400FBFD3C /* Build configuration list for PBXNativeTarget "ZephyrUITests" */;
			buildPhases = (
				B185846F2AB4AEF400FBFD3C /* Sources */,
				B18584702AB4AEF400FBFD3C /* Frameworks */,
				B18584712AB4AEF400FBFD3C /* Resources */,
			);
			buildRules = (
			);
			dependencies = (
				B18584752AB4AEF400FBFD3C /* PBXTargetDependency */,
			);
			name = ZephyrUITests;
			productName = ZephyrUITests;
			productReference = B18584732AB4AEF400FBFD3C /* ZephyrUITests.xctest */;
			productType = "com.apple.product-type.bundle.ui-testing";
		};
/* End PBXNativeTarget section */

/* Begin PBXProject section */
		B185844B2AB4AEF300FBFD3C /* Project object */ = {
			isa = PBXProject;
			attributes = {
				BuildIndependentTargetsInParallel = 1;
				LastSwiftUpdateCheck = 1420;
				LastUpgradeCheck = 1420;
				TargetAttributes = {
					B18584522AB4AEF300FBFD3C = {
						CreatedOnToolsVersion = 14.2;
					};
					B18584682AB4AEF400FBFD3C = {
						CreatedOnToolsVersion = 14.2;
						TestTargetID = B18584522AB4AEF300FBFD3C;
					};
					B18584722AB4AEF400FBFD3C = {
						CreatedOnToolsVersion = 14.2;
						TestTargetID = B18584522AB4AEF300FBFD3C;
					};
				};
			};
			buildConfigurationList = B185844E2AB4AEF300FBFD3C /* Build configuration list for PBXProject "Zephyr" */;
			compatibilityVersion = "Xcode 14.0";
			developmentRegion = en;
			hasScannedForEncodings = 0;
			knownRegions = (
				en,
				Base,
			);
			mainGroup = B185844A2AB4AEF300FBFD3C;
			productRefGroup = B18584542AB4AEF300FBFD3C /* Products */;
			projectDirPath = "";
			projectRoot = "";
			targets = (
				B18584522AB4AEF300FBFD3C /* Zephyr */,
				B18584682AB4AEF400FBFD3C /* ZephyrTests */,
				B18584722AB4AEF400FBFD3C /* ZephyrUITests */,
			);
		};
/* End PBXProject section */

/* Begin PBXResourcesBuildPhase section */
		B18584512AB4AEF300FBFD3C /* Resources */ = {
			isa = PBXResourcesBuildPhase;
			buildActionMask = 2147483647;
			files = (
				B18584632AB4AEF400FBFD3C /* LaunchScreen.storyboard in Resources */,
				B18584602AB4AEF400FBFD3C /* Assets.xcassets in Resources */,
				B185845E2AB4AEF300FBFD3C /* Main.storyboard in Resources */,
			);
			runOnlyForDeploymentPostprocessing = 0;
		};
		B18584672AB4AEF400FBFD3C /* Resources */ = {
			isa = PBXResourcesBuildPhase;
			buildActionMask = 2147483647;
			files = (
			);
			runOnlyForDeploymentPostprocessing = 0;
		};
		B18584712AB4AEF400FBFD3C /* Resources */ = {
			isa = PBXResourcesBuildPhase;
			buildActionMask = 2147483647;
			files = (
			);
			runOnlyForDeploymentPostprocessing = 0;
		};
/* End PBXResourcesBuildPhase section */

/* Begin PBXSourcesBuildPhase section */
		B185844F2AB4AEF300FBFD3C /* Sources */ = {
			isa = PBXSourcesBuildPhase;
			buildActionMask = 2147483647;
			files = (
				B185845B2AB4AEF300FBFD3C /* ViewController.swift in Sources */,
				B18584572AB4AEF300FBFD3C /* AppDelegate.swift in Sources */,
				B18584592AB4AEF300FBFD3C /* SceneDelegate.swift in Sources */,
			);
			runOnlyForDeploymentPostprocessing = 0;
		};
		B18584652AB4AEF400FBFD3C /* Sources */ = {
			isa = PBXSourcesBuildPhase;
			buildActionMask = 2147483647;
			files = (
				B185846E2AB4AEF400FBFD3C /* ZephyrTests.swift in Sources */,
			);
			runOnlyForDeploymentPostprocessing = 0;
		};
		B185846F2AB4AEF400FBFD3C /* Sources */ = {
			isa = PBXSourcesBuildPhase;
			buildActionMask = 2147483647;
			files = (
				B185847A2AB4AEF400FBFD3C /* ZephyrUITestsLaunchTests.swift in Sources */,
				B18584782AB4AEF400FBFD3C /* ZephyrUITests.swift in Sources */,
			);
			runOnlyForDeploymentPostprocessing = 0;
		};
/* End PBXSourcesBuildPhase section */

/* Begin PBXTargetDependency section */
		B185846B2AB4AEF400FBFD3C /* PBXTargetDependency */ = {
			isa = PBXTargetDependency;
			target = B18584522AB4AEF300FBFD3C /* Zephyr */;
			targetProxy = B185846A2AB4AEF400FBFD3C /* PBXContainerItemProxy */;
		};
		B18584752AB4AEF400FBFD3C /* PBXTargetDependency */ = {
			isa = PBXTargetDependency;
			target = B18584522AB4AEF300FBFD3C /* Zephyr */;
			targetProxy = B18584742AB4AEF400FBFD3C /* PBXContainerItemProxy */;
		};
/* End PBXTargetDependency section */

/* Begin PBXVariantGroup section */
		B185845C2AB4AEF300FBFD3C /* Main.storyboard */ = {
			isa = PBXVariantGroup;
			children = (
				B185845D2AB4AEF300FBFD3C /* Base */,
			);
			name = Main.storyboard;
			sourceTree = "<group>";
		};
		B18584612AB4AEF400FBFD3C /* LaunchScreen.storyboard */ = {
			isa = PBXVariantGroup;
			children = (
				B18584622AB4AEF400FBFD3C /* Base */,
			);
			name = LaunchScreen.storyboard;
			sourceTree = "<group>";
		};
/* End PBXVariantGroup section */

/* Begin XCBuildConfiguration section */
		B185847B2AB4AEF400FBFD3C /* Debug */ = {
			isa = XCBuildConfiguration;
			buildSettings = {
				ALWAYS_SEARCH_USER_PATHS = NO;
				CLANG_ANALYZER_NONNULL = YES;
				CLANG_ANALYZER_NUMBER_OBJECT_CONVERSION = YES_AGGRESSIVE;
				CLANG_CXX_LANGUAGE_STANDARD = "gnu++20";
				CLANG_ENABLE_MODULES = YES;
				CLANG_ENABLE_OBJC_ARC = YES;
				CLANG_ENABLE_OBJC_WEAK = YES;
				CLANG_WARN_BLOCK_CAPTURE_AUTORELEASING = YES;
				CLANG_WARN_BOOL_CONVERSION = YES;
				CLANG_WARN_COMMA = YES;
				CLANG_WARN_CONSTANT_CONVERSION = YES;
				CLANG_WARN_DEPRECATED_OBJC_IMPLEMENTATIONS = YES;
				CLANG_WARN_DIRECT_OBJC_ISA_USAGE = YES_ERROR;
				CLANG_WARN_DOCUMENTATION_COMMENTS = YES;
				CLANG_WARN_EMPTY_BODY = YES;
				CLANG_WARN_ENUM_CONVERSION = YES;
				CLANG_WARN_INFINITE_RECURSION = YES;
				CLANG_WARN_INT_CONVERSION = YES;
				CLANG_WARN_NON_LITERAL_NULL_CONVERSION = YES;
				CLANG_WARN_OBJC_IMPLICIT_RETAIN_SELF = YES;
				CLANG_WARN_OBJC_LITERAL_CONVERSION = YES;
				CLANG_WARN_OBJC_ROOT_CLASS = YES_ERROR;
				CLANG_WARN_QUOTED_INCLUDE_IN_FRAMEWORK_HEADER = YES;
				CLANG_WARN_RANGE_LOOP_ANALYSIS = YES;
				CLANG_WARN_STRICT_PROTOTYPES = YES;
				CLANG_WARN_SUSPICIOUS_MOVE = YES;
				CLANG_WARN_UNGUARDED_AVAILABILITY = YES_AGGRESSIVE;
				CLANG_WARN_UNREACHABLE_CODE = YES;
				CLANG_WARN__DUPLICATE_METHOD_MATCH = YES;
				COPY_PHASE_STRIP = NO;
				DEBUG_INFORMATION_FORMAT = dwarf;
				ENABLE_STRICT_OBJC_MSGSEND = YES;
				ENABLE_TESTABILITY = YES;
				GCC_C_LANGUAGE_STANDARD = gnu11;
				GCC_DYNAMIC_NO_PIC = NO;
				GCC_NO_COMMON_BLOCKS = YES;
				GCC_OPTIMIZATION_LEVEL = 0;
				GCC_PREPROCESSOR_DEFINITIONS = (
					"DEBUG=1",
					"$(inherited)",
				);
				GCC_WARN_64_TO_32_BIT_CONVERSION = YES;
				GCC_WARN_ABOUT_RETURN_TYPE = YES_ERROR;
				GCC_WARN_UNDECLARED_SELECTOR = YES;
				GCC_WARN_UNINITIALIZED_AUTOS = YES_AGGRESSIVE;
				GCC_WARN_UNUSED_FUNCTION = YES;
				GCC_WARN_UNUSED_VARIABLE = YES;
				IPHONEOS_DEPLOYMENT_TARGET = 16.2;
				MTL_ENABLE_DEBUG_INFO = INCLUDE_SOURCE;
				MTL_FAST_MATH = YES;
				ONLY_ACTIVE_ARCH = YES;
				SDKROOT = iphoneos;
				SWIFT_ACTIVE_COMPILATION_CONDITIONS = DEBUG;
				SWIFT_OPTIMIZATION_LEVEL = "-Onone";
			};
			name = Debug;
		};
		B185847C2AB4AEF400FBFD3C /* Release */ = {
			isa = XCBuildConfiguration;
			buildSettings = {
				ALWAYS_SEARCH_USER_PATHS = NO;
				CLANG_ANALYZER_NONNULL = YES;
				CLANG_ANALYZER_NUMBER_OBJECT_CONVERSION = YES_AGGRESSIVE;
				CLANG_CXX_LANGUAGE_STANDARD = "gnu++20";
				CLANG_ENABLE_MODULES = YES;
				CLANG_ENABLE_OBJC_ARC = YES;
				CLANG_ENABLE_OBJC_WEAK = YES;
				CLANG_WARN_BLOCK_CAPTURE_AUTORELEASING = YES;
				CLANG_WARN_BOOL_CONVERSION = YES;
				CLANG_WARN_COMMA = YES;
				CLANG_WARN_CONSTANT_CONVERSION = YES;
				CLANG_WARN_DEPRECATED_OBJC_IMPLEMENTATIONS = YES;
				CLANG_WARN_DIRECT_OBJC_ISA_USAGE = YES_ERROR;
				CLANG_WARN_DOCUMENTATION_COMMENTS = YES;
				CLANG_WARN_EMPTY_BODY = YES;
				CLANG_WARN_ENUM_CONVERSION = YES;
				CLANG_WARN_INFINITE_RECURSION = YES;
				CLANG_WARN_INT_CONVERSION = YES;
				CLANG_WARN_NON_LITERAL_NULL_CONVERSION = YES;
				CLANG_WARN_OBJC_IMPLICIT_RETAIN_SELF = YES;
				CLANG_WARN_OBJC_LITERAL_CONVERSION = YES;
				CLANG_WARN_OBJC_ROOT_CLASS = YES_ERROR;
				CLANG_WARN_QUOTED_INCLUDE_IN_FRAMEWORK_HEADER = YES;
				CLANG_WARN_RANGE_LOOP_ANALYSIS = YES;
				CLANG_WARN_STRICT_PROTOTYPES = YES;
				CLANG_WARN_SUSPICIOUS_MOVE = YES;
				CLANG_WARN_UNGUARDED_AVAILABILITY = YES_AGGRESSIVE;
				CLANG_WARN_UNREACHABLE_CODE = YES;
				CLANG_WARN__DUPLICATE_METHOD_MATCH = YES;
				COPY_PHASE_STRIP = NO;
				DEBUG_INFORMATION_FORMAT = "dwarf-with-dsym";
				ENABLE_NS_ASSERTIONS = NO;
				ENABLE_STRICT_OBJC_MSGSEND = YES;
				GCC_C_LANGUAGE_STANDARD = gnu11;
				GCC_NO_COMMON_BLOCKS = YES;
				GCC_WARN_64_TO_32_BIT_CONVERSION = YES;
				GCC_WARN_ABOUT_RETURN_TYPE = YES_ERROR;
				GCC_WARN_UNDECLARED_SELECTOR = YES;
				GCC_WARN_UNINITIALIZED_AUTOS = YES_AGGRESSIVE;
				GCC_WARN_UNUSED_FUNCTION = YES;
				GCC_WARN_UNUSED_VARIABLE = YES;
				IPHONEOS_DEPLOYMENT_TARGET = 16.2;
				MTL_ENABLE_DEBUG_INFO = NO;
				MTL_FAST_MATH = YES;
				SDKROOT = iphoneos;
				SWIFT_COMPILATION_MODE = wholemodule;
				SWIFT_OPTIMIZATION_LEVEL = "-O";
				VALIDATE_PRODUCT = YES;
			};
			name = Release;
		};
		B185847E2AB4AEF400FBFD3C /* Debug */ = {
			isa = XCBuildConfiguration;
			buildSettings = {
				ASSETCATALOG_COMPILER_APPICON_NAME = AppIcon;
				ASSETCATALOG_COMPILER_GLOBAL_ACCENT_COLOR_NAME = AccentColor;
				CODE_SIGN_STYLE = Automatic;
				CURRENT_PROJECT_VERSION = 1;
				DEVELOPMENT_TEAM = 839H3SR4B5;
				GENERATE_INFOPLIST_FILE = YES;
				INFOPLIST_FILE = Zephyr/Info.plist;
				INFOPLIST_KEY_UIApplicationSupportsIndirectInputEvents = YES;
				INFOPLIST_KEY_UILaunchStoryboardName = LaunchScreen;
				INFOPLIST_KEY_UIMainStoryboardFile = Main;
				INFOPLIST_KEY_UISupportedInterfaceOrientations_iPad = "UIInterfaceOrientationPortrait UIInterfaceOrientationPortraitUpsideDown UIInterfaceOrientationLandscapeLeft UIInterfaceOrientationLandscapeRight";
				INFOPLIST_KEY_UISupportedInterfaceOrientations_iPhone = "UIInterfaceOrientationPortrait UIInterfaceOrientationLandscapeLeft UIInterfaceOrientationLandscapeRight";
				LD_RUNPATH_SEARCH_PATHS = (
					"$(inherited)",
					"@executable_path/Frameworks",
				);
				MARKETING_VERSION = 1.0;
				PRODUCT_BUNDLE_IDENTIFIER = com.anirudha.Zephyr;
				PRODUCT_NAME = "$(TARGET_NAME)";
				SWIFT_EMIT_LOC_STRINGS = YES;
				SWIFT_VERSION = 5.0;
				TARGETED_DEVICE_FAMILY = "1,2";
			};
			name = Debug;
		};
		B185847F2AB4AEF400FBFD3C /* Release */ = {
			isa = XCBuildConfiguration;
			buildSettings = {
				ASSETCATALOG_COMPILER_APPICON_NAME = AppIcon;
				ASSETCATALOG_COMPILER_GLOBAL_ACCENT_COLOR_NAME = AccentColor;
				CODE_SIGN_STYLE = Automatic;
				CURRENT_PROJECT_VERSION = 1;
				DEVELOPMENT_TEAM = 839H3SR4B5;
				GENERATE_INFOPLIST_FILE = YES;
				INFOPLIST_FILE = Zephyr/Info.plist;
				INFOPLIST_KEY_UIApplicationSupportsIndirectInputEvents = YES;
				INFOPLIST_KEY_UILaunchStoryboardName = LaunchScreen;
				INFOPLIST_KEY_UIMainStoryboardFile = Main;
				INFOPLIST_KEY_UISupportedInterfaceOrientations_iPad = "UIInterfaceOrientationPortrait UIInterfaceOrientationPortraitUpsideDown UIInterfaceOrientationLandscapeLeft UIInterfaceOrientationLandscapeRight";
				INFOPLIST_KEY_UISupportedInterfaceOrientations_iPhone = "UIInterfaceOrientationPortrait UIInterfaceOrientationLandscapeLeft UIInterfaceOrientationLandscapeRight";
				LD_RUNPATH_SEARCH_PATHS = (
					"$(inherited)",
					"@executable_path/Frameworks",
				);
				MARKETING_VERSION = 1.0;
				PRODUCT_BUNDLE_IDENTIFIER = com.anirudha.Zephyr;
				PRODUCT_NAME = "$(TARGET_NAME)";
				SWIFT_EMIT_LOC_STRINGS = YES;
				SWIFT_VERSION = 5.0;
				TARGETED_DEVICE_FAMILY = "1,2";
			};
			name = Release;
		};
		B18584812AB4AEF400FBFD3C /* Debug */ = {
			isa = XCBuildConfiguration;
			buildSettings = {
				ALWAYS_EMBED_SWIFT_STANDARD_LIBRARIES = YES;
				BUNDLE_LOADER = "$(TEST_HOST)";
				CODE_SIGN_STYLE = Automatic;
				CURRENT_PROJECT_VERSION = 1;
				DEVELOPMENT_TEAM = 839H3SR4B5;
				GENERATE_INFOPLIST_FILE = YES;
				IPHONEOS_DEPLOYMENT_TARGET = 16.2;
				MARKETING_VERSION = 1.0;
				PRODUCT_BUNDLE_IDENTIFIER = com.anirudha.ZephyrTests;
				PRODUCT_NAME = "$(TARGET_NAME)";
				SWIFT_EMIT_LOC_STRINGS = NO;
				SWIFT_VERSION = 5.0;
				TARGETED_DEVICE_FAMILY = "1,2";
				TEST_HOST = "$(BUILT_PRODUCTS_DIR)/Zephyr.app/$(BUNDLE_EXECUTABLE_FOLDER_PATH)/Zephyr";
			};
			name = Debug;
		};
		B18584822AB4AEF400FBFD3C /* Release */ = {
			isa = XCBuildConfiguration;
			buildSettings = {
				ALWAYS_EMBED_SWIFT_STANDARD_LIBRARIES = YES;
				BUNDLE_LOADER = "$(TEST_HOST)";
				CODE_SIGN_STYLE = Automatic;
				CURRENT_PROJECT_VERSION = 1;
				DEVELOPMENT_TEAM = 839H3SR4B5;
				GENERATE_INFOPLIST_FILE = YES;
				IPHONEOS_DEPLOYMENT_TARGET = 16.2;
				MARKETING_VERSION = 1.0;
				PRODUCT_BUNDLE_IDENTIFIER = com.anirudha.ZephyrTests;
				PRODUCT_NAME = "$(TARGET_NAME)";
				SWIFT_EMIT_LOC_STRINGS = NO;
				SWIFT_VERSION = 5.0;
				TARGETED_DEVICE_FAMILY = "1,2";
				TEST_HOST = "$(BUILT_PRODUCTS_DIR)/Zephyr.app/$(BUNDLE_EXECUTABLE_FOLDER_PATH)/Zephyr";
			};
			name = Release;
		};
		B18584842AB4AEF400FBFD3C /* Debug */ = {
			isa = XCBuildConfiguration;
			buildSettings = {
				ALWAYS_EMBED_SWIFT_STANDARD_LIBRARIES = YES;
				CODE_SIGN_STYLE = Automatic;
				CURRENT_PROJECT_VERSION = 1;
				DEVELOPMENT_TEAM = 839H3SR4B5;
				GENERATE_INFOPLIST_FILE = YES;
				MARKETING_VERSION = 1.0;
				PRODUCT_BUNDLE_IDENTIFIER = com.anirudha.ZephyrUITests;
				PRODUCT_NAME = "$(TARGET_NAME)";
				SWIFT_EMIT_LOC_STRINGS = NO;
				SWIFT_VERSION = 5.0;
				TARGETED_DEVICE_FAMILY = "1,2";
				TEST_TARGET_NAME = Zephyr;
			};
			name = Debug;
		};
		B18584852AB4AEF400FBFD3C /* Release */ = {
			isa = XCBuildConfiguration;
			buildSettings = {
				ALWAYS_EMBED_SWIFT_STANDARD_LIBRARIES = YES;
				CODE_SIGN_STYLE = Automatic;
				CURRENT_PROJECT_VERSION = 1;
				DEVELOPMENT_TEAM = 839H3SR4B5;
				GENERATE_INFOPLIST_FILE = YES;
				MARKETING_VERSION = 1.0;
				PRODUCT_BUNDLE_IDENTIFIER = com.anirudha.ZephyrUITests;
				PRODUCT_NAME = "$(TARGET_NAME)";
				SWIFT_EMIT_LOC_STRINGS = NO;
				SWIFT_VERSION = 5.0;
				TARGETED_DEVICE_FAMILY = "1,2";
				TEST_TARGET_NAME = Zephyr;
			};
			name = Release;
		};
/* End XCBuildConfiguration section */

/* Begin XCConfigurationList section */
		B185844E2AB4AEF300FBFD3C /* Build configuration list for PBXProject "Zephyr" */ = {
			isa = XCConfigurationList;
			buildConfigurations = (
				B185847B2AB4AEF400FBFD3C /* Debug */,
				B185847C2AB4AEF400FBFD3C /* Release */,
			);
			defaultConfigurationIsVisible = 0;
			defaultConfigurationName = Release;
		};
		B185847D2AB4AEF400FBFD3C /* Build configuration list for PBXNativeTarget "Zephyr" */ = {
			isa = XCConfigurationList;
			buildConfigurations = (
				B185847E2AB4AEF400FBFD3C /* Debug */,
				B185847F2AB4AEF400FBFD3C /* Release */,
			);
			defaultConfigurationIsVisible = 0;
			defaultConfigurationName = Release;
		};
		B18584802AB4AEF400FBFD3C /* Build configuration list for PBXNativeTarget "ZephyrTests" */ = {
			isa = XCConfigurationList;
			buildConfigurations = (
				B18584812AB4AEF400FBFD3C /* Debug */,
				B18584822AB4AEF400FBFD3C /* Release */,
			);
			defaultConfigurationIsVisible = 0;
			defaultConfigurationName = Release;
		};
		B18584832AB4AEF400FBFD3C /* Build configuration list for PBXNativeTarget "ZephyrUITests" */ = {
			isa = XCConfigurationList;
			buildConfigurations = (
				B18584842AB4AEF400FBFD3C /* Debug */,
				B18584852AB4AEF400FBFD3C /* Release */,
			);
			defaultConfigurationIsVisible = 0;
			defaultConfigurationName = Release;
		};
/* End XCConfigurationList section */
	};
	rootObject = B185844B2AB4AEF300FBFD3C /* Project object */;
}
